
Microsoft Visual Studio Solution File, Format Version 12.00
# Visual Studio Version 17
VisualStudioVersion = 17.5.002.0
MinimumVisualStudioVersion = 10.0.40219.1
Project("{2150E333-8FDC-42A3-9474-1A3956D46DE8}") = "csharp-prep", "csharp-prep", "{363B4E15-39AF-4E3B-B40D-FC6290EB786E}"
EndProject
Project("{9A19103F-16F7-4668-BE54-9A1E7A4F7556}") = "Prep1", "csharp-prep\Prep1\Prep1.csproj", "{B04ACE22-E385-4D93-A9FE-30B8198E8D55}"
EndProject
Project("{9A19103F-16F7-4668-BE54-9A1E7A4F7556}") = "Prep3", "csharp-prep\Prep3\Prep3.csproj", "{03734358-6A8F-4971-9BFB-B91860EFD93C}"
EndProject
Project("{9A19103F-16F7-4668-BE54-9A1E7A4F7556}") = "Prep4", "csharp-prep\Prep4\Prep4.csproj", "{EB041D29-AA9F-4FF2-9570-F0594A19C964}"
EndProject
Project("{9A19103F-16F7-4668-BE54-9A1E7A4F7556}") = "Prep5", "csharp-prep\Prep5\Prep5.csproj", "{0EEFDA96-450E-4CFB-BA34-0E306A17135E}"
EndProject
Project("{9A19103F-16F7-4668-BE54-9A1E7A4F7556}") = "Prep2", "csharp-prep\Prep2\Prep2.csproj", "{E31752D1-6E14-49D3-BDB4-2834899016A5}"
EndProject
Project("{2150E333-8FDC-42A3-9474-1A3956D46DE8}") = "final", "final", "{EEE58498-2BF1-490F-A175-BF0EC6952959}"
EndProject
Project("{9A19103F-16F7-4668-BE54-9A1E7A4F7556}") = "FinalProject", "final\FinalProject\FinalProject.csproj", "{409A86F2-35D5-4536-95AB-100D478CFDDF}"
EndProject
Project("{9A19103F-16F7-4668-BE54-9A1E7A4F7556}") = "Foundation4", "final\Foundation4\Foundation4.csproj", "{C49ECA56-942E-4150-B324-07BB06E30025}"
EndProject
Project("{9A19103F-16F7-4668-BE54-9A1E7A4F7556}") = "Foundation1", "final\Foundation1\Foundation1.csproj", "{C0BF372E-D811-49D5-8963-D24696760583}"
EndProject
Project("{9A19103F-16F7-4668-BE54-9A1E7A4F7556}") = "Foundation3", "final\Foundation3\Foundation3.csproj", "{6AC28BD1-E247-47B7-B12F-D1CD679F300A}"
EndProject
Project("{9A19103F-16F7-4668-BE54-9A1E7A4F7556}") = "Foundation2", "final\Foundation2\Foundation2.csproj", "{C2F702E0-CF74-4C16-AD42-CF51A027D218}"
EndProject
Project("{2150E333-8FDC-42A3-9474-1A3956D46DE8}") = "sandbox", "sandbox", "{CC6CB0C2-8782-492E-A344-23EA4D68EE46}"
EndProject
Project("{9A19103F-16F7-4668-BE54-9A1E7A4F7556}") = "Sandbox", "sandbox\Sandbox\Sandbox.csproj", "{2274B00C-EF12-464D-BB06-EC318684F734}"
EndProject
Project("{2150E333-8FDC-42A3-9474-1A3956D46DE8}") = "prepare", "prepare", "{AAD735D4-D4F3-49AC-861F-34A53CFEDFAF}"
EndProject
Project("{9A19103F-16F7-4668-BE54-9A1E7A4F7556}") = "Learning02", "prepare\Learning02\Learning02.csproj", "{A7CDF903-5318-4C11-8A3D-F10AF69D8452}"
EndProject
Project("{9A19103F-16F7-4668-BE54-9A1E7A4F7556}") = "Learning05", "prepare\Learning05\Learning05.csproj", "{83DB9C08-C140-4B0E-AA9F-FFF139FB607D}"
EndProject
Project("{9A19103F-16F7-4668-BE54-9A1E7A4F7556}") = "Learning04", "prepare\Learning04\Learning04.csproj", "{94C326C9-7834-4226-A00C-4934B3B3DAA1}"
EndProject
Project("{9A19103F-16F7-4668-BE54-9A1E7A4F7556}") = "Learning03", "prepare\Learning03\Learning03.csproj", "{E65C5ED9-81CF-4044-AD24-47529A76D74A}"
EndProject
Project("{2150E333-8FDC-42A3-9474-1A3956D46DE8}") = "prove", "prove", "{FF1F300A-6981-46D5-8995-16B3EBE908BB}"
EndProject
Project("{9A19103F-16F7-4668-BE54-9A1E7A4F7556}") = "Develop03", "prove\Develop03\Develop03.csproj", "{7CA5BF39-FEBF-4FA5-B24A-AA0BB4C5E613}"
EndProject
Project("{9A19103F-16F7-4668-BE54-9A1E7A4F7556}") = "Develop05", "prove\Develop05\Develop05.csproj", "{63269EDF-E094-4E2B-9CDF-0A490B3F488E}"
EndProject
Project("{9A19103F-16F7-4668-BE54-9A1E7A4F7556}") = "Develop02", "prove\Develop02\Develop02.csproj", "{D68907F0-65EC-4868-99D1-8FC6BD405587}"
EndProject
Project("{9A19103F-16F7-4668-BE54-9A1E7A4F7556}") = "Develop04", "prove\Develop04\Develop04.csproj", "{1EA20604-E677-410A-9F4B-35E68C3242B0}"
EndProject
Global
	GlobalSection(SolutionConfigurationPlatforms) = preSolution
		Debug|Any CPU = Debug|Any CPU
		Release|Any CPU = Release|Any CPU
	EndGlobalSection
	GlobalSection(ProjectConfigurationPlatforms) = postSolution
		{B04ACE22-E385-4D93-A9FE-30B8198E8D55}.Debug|Any CPU.ActiveCfg = Debug|Any CPU
		{B04ACE22-E385-4D93-A9FE-30B8198E8D55}.Debug|Any CPU.Build.0 = Debug|Any CPU
		{B04ACE22-E385-4D93-A9FE-30B8198E8D55}.Release|Any CPU.ActiveCfg = Release|Any CPU
		{B04ACE22-E385-4D93-A9FE-30B8198E8D55}.Release|Any CPU.Build.0 = Release|Any CPU
		{03734358-6A8F-4971-9BFB-B91860EFD93C}.Debug|Any CPU.ActiveCfg = Debug|Any CPU
		{03734358-6A8F-4971-9BFB-B91860EFD93C}.Debug|Any CPU.Build.0 = Debug|Any CPU
		{03734358-6A8F-4971-9BFB-B91860EFD93C}.Release|Any CPU.ActiveCfg = Release|Any CPU
		{03734358-6A8F-4971-9BFB-B91860EFD93C}.Release|Any CPU.Build.0 = Release|Any CPU
		{EB041D29-AA9F-4FF2-9570-F0594A19C964}.Debug|Any CPU.ActiveCfg = Debug|Any CPU
		{EB041D29-AA9F-4FF2-9570-F0594A19C964}.Debug|Any CPU.Build.0 = Debug|Any CPU
		{EB041D29-AA9F-4FF2-9570-F0594A19C964}.Release|Any CPU.ActiveCfg = Release|Any CPU
		{EB041D29-AA9F-4FF2-9570-F0594A19C964}.Release|Any CPU.Build.0 = Release|Any CPU
		{0EEFDA96-450E-4CFB-BA34-0E306A17135E}.Debug|Any CPU.ActiveCfg = Debug|Any CPU
		{0EEFDA96-450E-4CFB-BA34-0E306A17135E}.Debug|Any CPU.Build.0 = Debug|Any CPU
		{0EEFDA96-450E-4CFB-BA34-0E306A17135E}.Release|Any CPU.ActiveCfg = Release|Any CPU
		{0EEFDA96-450E-4CFB-BA34-0E306A17135E}.Release|Any CPU.Build.0 = Release|Any CPU
		{E31752D1-6E14-49D3-BDB4-2834899016A5}.Debug|Any CPU.ActiveCfg = Debug|Any CPU
		{E31752D1-6E14-49D3-BDB4-2834899016A5}.Debug|Any CPU.Build.0 = Debug|Any CPU
		{E31752D1-6E14-49D3-BDB4-2834899016A5}.Release|Any CPU.ActiveCfg = Release|Any CPU
		{E31752D1-6E14-49D3-BDB4-2834899016A5}.Release|Any CPU.Build.0 = Release|Any CPU
		{409A86F2-35D5-4536-95AB-100D478CFDDF}.Debug|Any CPU.ActiveCfg = Debug|Any CPU
		{409A86F2-35D5-4536-95AB-100D478CFDDF}.Debug|Any CPU.Build.0 = Debug|Any CPU
		{409A86F2-35D5-4536-95AB-100D478CFDDF}.Release|Any CPU.ActiveCfg = Release|Any CPU
		{409A86F2-35D5-4536-95AB-100D478CFDDF}.Release|Any CPU.Build.0 = Release|Any CPU
		{C49ECA56-942E-4150-B324-07BB06E30025}.Debug|Any CPU.ActiveCfg = Debug|Any CPU
		{C49ECA56-942E-4150-B324-07BB06E30025}.Debug|Any CPU.Build.0 = Debug|Any CPU
		{C49ECA56-942E-4150-B324-07BB06E30025}.Release|Any CPU.ActiveCfg = Release|Any CPU
		{C49ECA56-942E-4150-B324-07BB06E30025}.Release|Any CPU.Build.0 = Release|Any CPU
		{C0BF372E-D811-49D5-8963-D24696760583}.Debug|Any CPU.ActiveCfg = Debug|Any CPU
		{C0BF372E-D811-49D5-8963-D24696760583}.Debug|Any CPU.Build.0 = Debug|Any CPU
		{C0BF372E-D811-49D5-8963-D24696760583}.Release|Any CPU.ActiveCfg = Release|Any CPU
		{C0BF372E-D811-49D5-8963-D24696760583}.Release|Any CPU.Build.0 = Release|Any CPU
		{6AC28BD1-E247-47B7-B12F-D1CD679F300A}.Debug|Any CPU.ActiveCfg = Debug|Any CPU
		{6AC28BD1-E247-47B7-B12F-D1CD679F300A}.Debug|Any CPU.Build.0 = Debug|Any CPU
		{6AC28BD1-E247-47B7-B12F-D1CD679F300A}.Release|Any CPU.ActiveCfg = Release|Any CPU
		{6AC28BD1-E247-47B7-B12F-D1CD679F300A}.Release|Any CPU.Build.0 = Release|Any CPU
		{C2F702E0-CF74-4C16-AD42-CF51A027D218}.Debug|Any CPU.ActiveCfg = Debug|Any CPU
		{C2F702E0-CF74-4C16-AD42-CF51A027D218}.Debug|Any CPU.Build.0 = Debug|Any CPU
		{C2F702E0-CF74-4C16-AD42-CF51A027D218}.Release|Any CPU.ActiveCfg = Release|Any CPU
		{C2F702E0-CF74-4C16-AD42-CF51A027D218}.Release|Any CPU.Build.0 = Release|Any CPU
		{2274B00C-EF12-464D-BB06-EC318684F734}.Debug|Any CPU.ActiveCfg = Debug|Any CPU
		{2274B00C-EF12-464D-BB06-EC318684F734}.Debug|Any CPU.Build.0 = Debug|Any CPU
		{2274B00C-EF12-464D-BB06-EC318684F734}.Release|Any CPU.ActiveCfg = Release|Any CPU
		{2274B00C-EF12-464D-BB06-EC318684F734}.Release|Any CPU.Build.0 = Release|Any CPU
		{A7CDF903-5318-4C11-8A3D-F10AF69D8452}.Debug|Any CPU.ActiveCfg = Debug|Any CPU
		{A7CDF903-5318-4C11-8A3D-F10AF69D8452}.Debug|Any CPU.Build.0 = Debug|Any CPU
		{A7CDF903-5318-4C11-8A3D-F10AF69D8452}.Release|Any CPU.ActiveCfg = Release|Any CPU
		{A7CDF903-5318-4C11-8A3D-F10AF69D8452}.Release|Any CPU.Build.0 = Release|Any CPU
		{83DB9C08-C140-4B0E-AA9F-FFF139FB607D}.Debug|Any CPU.ActiveCfg = Debug|Any CPU
		{83DB9C08-C140-4B0E-AA9F-FFF139FB607D}.Debug|Any CPU.Build.0 = Debug|Any CPU
		{83DB9C08-C140-4B0E-AA9F-FFF139FB607D}.Release|Any CPU.ActiveCfg = Release|Any CPU
		{83DB9C08-C140-4B0E-AA9F-FFF139FB607D}.Release|Any CPU.Build.0 = Release|Any CPU
		{94C326C9-7834-4226-A00C-4934B3B3DAA1}.Debug|Any CPU.ActiveCfg = Debug|Any CPU
		{94C326C9-7834-4226-A00C-4934B3B3DAA1}.Debug|Any CPU.Build.0 = Debug|Any CPU
		{94C326C9-7834-4226-A00C-4934B3B3DAA1}.Release|Any CPU.ActiveCfg = Release|Any CPU
		{94C326C9-7834-4226-A00C-4934B3B3DAA1}.Release|Any CPU.Build.0 = Release|Any CPU
		{E65C5ED9-81CF-4044-AD24-47529A76D74A}.Debug|Any CPU.ActiveCfg = Debug|Any CPU
		{E65C5ED9-81CF-4044-AD24-47529A76D74A}.Debug|Any CPU.Build.0 = Debug|Any CPU
		{E65C5ED9-81CF-4044-AD24-47529A76D74A}.Release|Any CPU.ActiveCfg = Release|Any CPU
		{E65C5ED9-81CF-4044-AD24-47529A76D74A}.Release|Any CPU.Build.0 = Release|Any CPU
		{7CA5BF39-FEBF-4FA5-B24A-AA0BB4C5E613}.Debug|Any CPU.ActiveCfg = Debug|Any CPU
		{7CA5BF39-FEBF-4FA5-B24A-AA0BB4C5E613}.Debug|Any CPU.Build.0 = Debug|Any CPU
		{7CA5BF39-FEBF-4FA5-B24A-AA0BB4C5E613}.Release|Any CPU.ActiveCfg = Release|Any CPU
		{7CA5BF39-FEBF-4FA5-B24A-AA0BB4C5E613}.Release|Any CPU.Build.0 = Release|Any CPU
		{63269EDF-E094-4E2B-9CDF-0A490B3F488E}.Debug|Any CPU.ActiveCfg = Debug|Any CPU
		{63269EDF-E094-4E2B-9CDF-0A490B3F488E}.Debug|Any CPU.Build.0 = Debug|Any CPU
		{63269EDF-E094-4E2B-9CDF-0A490B3F488E}.Release|Any CPU.ActiveCfg = Release|Any CPU
		{63269EDF-E094-4E2B-9CDF-0A490B3F488E}.Release|Any CPU.Build.0 = Release|Any CPU
		{D68907F0-65EC-4868-99D1-8FC6BD405587}.Debug|Any CPU.ActiveCfg = Debug|Any CPU
		{D68907F0-65EC-4868-99D1-8FC6BD405587}.Debug|Any CPU.Build.0 = Debug|Any CPU
		{D68907F0-65EC-4868-99D1-8FC6BD405587}.Release|Any CPU.ActiveCfg = Release|Any CPU
		{D68907F0-65EC-4868-99D1-8FC6BD405587}.Release|Any CPU.Build.0 = Release|Any CPU
		{1EA20604-E677-410A-9F4B-35E68C3242B0}.Debug|Any CPU.ActiveCfg = Debug|Any CPU
		{1EA20604-E677-410A-9F4B-35E68C3242B0}.Debug|Any CPU.Build.0 = Debug|Any CPU
		{1EA20604-E677-410A-9F4B-35E68C3242B0}.Release|Any CPU.ActiveCfg = Release|Any CPU
		{1EA20604-E677-410A-9F4B-35E68C3242B0}.Release|Any CPU.Build.0 = Release|Any CPU
	EndGlobalSection
	GlobalSection(SolutionProperties) = preSolution
		HideSolutionNode = FALSE
	EndGlobalSection
	GlobalSection(NestedProjects) = preSolution
		{B04ACE22-E385-4D93-A9FE-30B8198E8D55} = {363B4E15-39AF-4E3B-B40D-FC6290EB786E}
		{03734358-6A8F-4971-9BFB-B91860EFD93C} = {363B4E15-39AF-4E3B-B40D-FC6290EB786E}
		{EB041D29-AA9F-4FF2-9570-F0594A19C964} = {363B4E15-39AF-4E3B-B40D-FC6290EB786E}
		{0EEFDA96-450E-4CFB-BA34-0E306A17135E} = {363B4E15-39AF-4E3B-B40D-FC6290EB786E}
		{E31752D1-6E14-49D3-BDB4-2834899016A5} = {363B4E15-39AF-4E3B-B40D-FC6290EB786E}
		{409A86F2-35D5-4536-95AB-100D478CFDDF} = {EEE58498-2BF1-490F-A175-BF0EC6952959}
		{C49ECA56-942E-4150-B324-07BB06E30025} = {EEE58498-2BF1-490F-A175-BF0EC6952959}
		{C0BF372E-D811-49D5-8963-D24696760583} = {EEE58498-2BF1-490F-A175-BF0EC6952959}
		{6AC28BD1-E247-47B7-B12F-D1CD679F300A} = {EEE58498-2BF1-490F-A175-BF0EC6952959}
		{C2F702E0-CF74-4C16-AD42-CF51A027D218} = {EEE58498-2BF1-490F-A175-BF0EC6952959}
		{2274B00C-EF12-464D-BB06-EC318684F734} = {CC6CB0C2-8782-492E-A344-23EA4D68EE46}
		{A7CDF903-5318-4C11-8A3D-F10AF69D8452} = {AAD735D4-D4F3-49AC-861F-34A53CFEDFAF}
		{83DB9C08-C140-4B0E-AA9F-FFF139FB607D} = {AAD735D4-D4F3-49AC-861F-34A53CFEDFAF}
		{94C326C9-7834-4226-A00C-4934B3B3DAA1} = {AAD735D4-D4F3-49AC-861F-34A53CFEDFAF}
		{E65C5ED9-81CF-4044-AD24-47529A76D74A} = {AAD735D4-D4F3-49AC-861F-34A53CFEDFAF}
		{7CA5BF39-FEBF-4FA5-B24A-AA0BB4C5E613} = {FF1F300A-6981-46D5-8995-16B3EBE908BB}
		{63269EDF-E094-4E2B-9CDF-0A490B3F488E} = {FF1F300A-6981-46D5-8995-16B3EBE908BB}
		{D68907F0-65EC-4868-99D1-8FC6BD405587} = {FF1F300A-6981-46D5-8995-16B3EBE908BB}
		{1EA20604-E677-410A-9F4B-35E68C3242B0} = {FF1F300A-6981-46D5-8995-16B3EBE908BB}
	EndGlobalSection
	GlobalSection(ExtensibilityGlobals) = postSolution
		SolutionGuid = {2A1E6BD9-61AE-4F1A-A392-8F3B4719C2CE}
	EndGlobalSection
EndGlobal
